
Microsoft Visual Studio Solution File, Format Version 12.00
# Visual Studio Version 16
VisualStudioVersion = 16.0.29613.14
MinimumVisualStudioVersion = 10.0.40219.1
Project("{8BC9CEB8-8B4A-11D0-8D11-00A0C91BC942}") = "MyrmidonSim", "MyrmidonSim\MyrmidonSim.vcxproj", "{893EF6BD-4358-4C2F-BE49-06FA5F8B723F}"
EndProject
Global
	GlobalSection(SolutionConfigurationPlatforms) = preSolution
		Debug|x64 = Debug|x64
		Debug|x86 = Debug|x86
		Release|x64 = Release|x64
		Release|x86 = Release|x86
	EndGlobalSection
	GlobalSection(ProjectConfigurationPlatforms) = postSolution
		{893EF6BD-4358-4C2F-BE49-06FA5F8B723F}.Debug|x64.ActiveCfg = Debug|x64
		{893EF6BD-4358-4C2F-BE49-06FA5F8B723F}.Debug|x64.Build.0 = Debug|x64
		{893EF6BD-4358-4C2F-BE49-06FA5F8B723F}.Debug|x86.ActiveCfg = Debug|Win32
		{893EF6BD-4358-4C2F-BE49-06FA5F8B723F}.Debug|x86.Build.0 = Debug|Win32
		{893EF6BD-4358-4C2F-BE49-06FA5F8B723F}.Release|x64.ActiveCfg = Release|x64
		{893EF6BD-4358-4C2F-BE49-06FA5F8B723F}.Release|x64.Build.0 = Release|x64
		{893EF6BD-4358-4C2F-BE49-06FA5F8B723F}.Release|x86.ActiveCfg = Release|Win32
		{893EF6BD-4358-4C2F-BE49-06FA5F8B723F}.Release|x86.Build.0 = Release|Win32
	EndGlobalSection
	GlobalSection(SolutionProperties) = preSolution
		HideSolutionNode = FALSE
	EndGlobalSection
	GlobalSection(ExtensibilityGlobals) = postSolution
		SolutionGuid = {6283AFBA-1B7E-4771-9A75-589480ED445E}
	EndGlobalSection
EndGlobal
